#MicroXplorer Configuration settings - do not modify
File.Version=6
GPIO.groupedBy=Group By Peripherals
KeepUserPlacement=false
Mcu.CPN=STM32F103C8T6
Mcu.Family=STM32F1
Mcu.Name=STM32F103C(8-B)Tx
Mcu.Package=LQFP48
Mcu.Pin0=PA2
Mcu.Pin1=PA3
Mcu.Pin2=PA4
Mcu.Pin3=PA5
Mcu.Pin4=PA6
Mcu.Pin5=PA7
Mcu.Pin6=PA9
Mcu.Pin7=PA10
Mcu.Pin8=PA15
Mcu.Pin9=PB0
Mcu.Pin10=PB1
Mcu.Pin11=PB3
Mcu.Pin12=PB12
Mcu.Pin13=PB13
Mcu.Pin14=PB14
Mcu.Pin15=PB15
Mcu.Pin16=VP_SYS_VS_Systick
Mcu.Pin17=VP_TIM2_VS_ClockSourceINT
Mcu.PinsNb=18
Mcu.UserConstants=
Mcu.UserDefines=
ProjectManager.AskForMigrate=true
ProjectManager.BackupPrevious=false
ProjectManager.CompilerOptimize=6
ProjectManager.ComputerToolchain=false
ProjectManager.CoupleFile=false
ProjectManager.DeletePrevious=true
ProjectManager.DeviceId=STM32F103C8Tx
ProjectManager.FirmwarePackage=STM32Cube FW_F1 V1.8.6
ProjectManager.HalAssertFull=false
ProjectManager.LastFirmware=true
ProjectManager.LibraryCopy=0
ProjectManager.MainLocation=Core/Src
ProjectManager.NoMain=false
ProjectManager.PreviousToolchain=
ProjectManager.ProjectBuild=false
ProjectManager.ProjectFileName=STM32F103_MCP4131_Controller.ioc
ProjectManager.ProjectName=STM32F103_MCP4131_Controller
ProjectManager.RegisterCallBack=
ProjectManager.StackSize=0x400
ProjectManager.TargetToolchain=STM32CubeIDE
ProjectManager.ToolChainLocation=
ProjectManager.UnderRoot=true
ProjectManager.functionlistsort=1-MX_GPIO_Init-GPIO-false-HAL-true,2-MX_USART1_UART_Init-UART-false-HAL-true,3-MX_SPI1_Init-SPI-false-HAL-true,4-MX_TIM2_Init-TIM-false-HAL-true
RCC.ADCFreqValue=12000000
RCC.AHBFreq_Value=72000000
RCC.APB1CLKDivider=RCC_HCLK_DIV2
RCC.APB1Freq_Value=36000000
RCC.APB1TimFreq_Value=72000000
RCC.APB2Freq_Value=72000000
RCC.APB2TimFreq_Value=72000000
RCC.FCLKCortexFreq_Value=72000000
RCC.HCLKFreq_Value=72000000
RCC.HSE_VALUE=8000000
RCC.HSI_VALUE=8000000
RCC.PLLMUL=RCC_PLL_MUL9
RCC.PLLSourceVirtual=RCC_PLLSOURCE_HSE
RCC.SYSCLKFreq_VALUE=72000000
RCC.SYSCLKSource=RCC_SYSCLKSOURCE_PLLCLK
RCC.TIM2Freq_Value=72000000
SH.S_TIM2_CH1.Mode=TIM_CHANNEL_1
SH.S_TIM2_CH1.Signal=TIM2_CH1
SPI1.BaudRatePrescaler=SPI_BAUDRATEPRESCALER_64
SPI1.CLKPhase=SPI_PHASE_1EDGE
SPI1.CLKPolarity=SPI_POLARITY_LOW
SPI1.CalculateBaudRate=1.125 MBits/s
SPI1.Direction=SPI_DIRECTION_2LINES
SPI1.IPParameters=VirtualType,Mode,Direction,CalculateBaudRate,BaudRatePrescaler,CLKPolarity,CLKPhase
SPI1.Mode=SPI_MODE_MASTER
SPI1.VirtualType=VM_MASTER
TIM2.IPParameters=Prescaler,Period
TIM2.Period=9
TIM2.Prescaler=7199
USART1.BaudRate=115200
USART1.IPParameters=BaudRate,WordLength,StopBits,Parity,Mode
USART1.Mode=UART_MODE_TX_RX
USART1.Parity=UART_PARITY_NONE
USART1.StopBits=UART_STOPBITS_1
USART1.WordLength=UART_WORDLENGTH_8B
VP_SYS_VS_Systick.Mode=SysTick
VP_SYS_VS_Systick.Signal=SYS_VS_Systick
VP_TIM2_VS_ClockSourceINT.Mode=Internal
VP_TIM2_VS_ClockSourceINT.Signal=TIM2_VS_ClockSourceINT
PA2.GPIO_Label=U4_CS
PA2.GPIO_Mode=GPIO_MODE_OUTPUT_PP
PA2.GPIO_Speed=GPIO_SPEED_FREQ_HIGH
PA2.Locked=true
PA2.Signal=GPIO_Output
PA3.GPIO_Label=U3_CS
PA3.GPIO_Mode=GPIO_MODE_OUTPUT_PP
PA3.GPIO_Speed=GPIO_SPEED_FREQ_HIGH
PA3.Locked=true
PA3.Signal=GPIO_Output
PA4.GPIO_Label=U2_CS
PA4.GPIO_Mode=GPIO_MODE_OUTPUT_PP
PA4.GPIO_Speed=GPIO_SPEED_FREQ_HIGH
PA4.Locked=true
PA4.Signal=GPIO_Output
PA5.Mode=SPI
PA5.Signal=SPI1_SCK
PA6.GPIO_Label=U1_CS
PA6.GPIO_Mode=GPIO_MODE_OUTPUT_PP
PA6.GPIO_Speed=GPIO_SPEED_FREQ_HIGH
PA6.Locked=true
PA6.Signal=GPIO_Output
PA7.Mode=SPI
PA7.Signal=SPI1_MOSI
PA9.Mode=Asynchronous
PA9.Signal=USART1_TX
PA10.Mode=Asynchronous
PA10.Signal=USART1_RX
PA15.GPIO_Label=MANUAL_REVERSE_PA15
PA15.GPIO_Mode=GPIO_MODE_INPUT
PA15.GPIO_PuPd=GPIO_PULLUP
PA15.Locked=true
PA15.Signal=GPIO_Input
PB0.GPIO_Label=U5_CS
PB0.GPIO_Mode=GPIO_MODE_OUTPUT_PP
PB0.GPIO_Speed=GPIO_SPEED_FREQ_HIGH
PB0.Locked=true
PB0.Signal=GPIO_Output
PB1.GPIO_Label=RS485_DE_RE
PB1.GPIO_Mode=GPIO_MODE_OUTPUT_PP
PB1.GPIO_Speed=GPIO_SPEED_FREQ_HIGH
PB1.Locked=true
PB1.Signal=GPIO_Output
PB3.GPIO_Label=MANUAL_REVERSE_PB3
PB3.GPIO_Mode=GPIO_MODE_INPUT
PB3.GPIO_PuPd=GPIO_PULLUP
PB3.Locked=true
PB3.Signal=GPIO_Input
PB12.GPIO_Label=DIP_BIT3
PB12.GPIO_Mode=GPIO_MODE_INPUT
PB12.GPIO_PuPd=GPIO_PULLUP
PB12.Locked=true
PB12.Signal=GPIO_Input
PB13.GPIO_Label=DIP_BIT2
PB13.GPIO_Mode=GPIO_MODE_INPUT
PB13.GPIO_PuPd=GPIO_PULLUP
PB13.Locked=true
PB13.Signal=GPIO_Input
PB14.GPIO_Label=DIP_BIT1
PB14.GPIO_Mode=GPIO_MODE_INPUT
PB14.GPIO_PuPd=GPIO_PULLUP
PB14.Locked=true
PB14.Signal=GPIO_Input
PB15.GPIO_Label=DIP_BIT0
PB15.GPIO_Mode=GPIO_MODE_INPUT
PB15.GPIO_PuPd=GPIO_PULLUP
PB15.Locked=true
PB15.Signal=GPIO_Input
